{
  "name": "heatwave-bot",
  "lockfileVersion": 3,
  "requires": true,
  "packages": {
    "": {
      "dependencies": {
        "passprint": "^0.0.1",
        "wetbulb": "^0.1.0"
      }
    },
    "node_modules/passprint": {
      "version": "0.0.1",
      "resolved": "https://registry.npmjs.org/passprint/-/passprint-0.0.1.tgz",
      "integrity": "sha512-+scrdoqoamGYMfXXGMxf410CgeEUI3EOaDe/QtVwZrd1FeaUz3XH8vs9UH6vZX/W/TGH/6/K/wTJqN+QsF1gcQ=="
    },
    "node_modules/wetbulb": {
      "version": "0.1.0",
      "resolved": "https://registry.npmjs.org/wetbulb/-/wetbulb-0.1.0.tgz",
      "integrity": "sha512-N5jceiMuqgqfqvwIVxYKTyy1cDEpL7WVIyFk9Mi8j3bapUBrhe9rTSIx940Gzw7+viu14rh9p59nqzpZEzrAug=="
    }
  }
}
