{
  "name": "heatwave-bot",
  "lockfileVersion": 3,
  "requires": true,
  "packages": {
    "": {
      "dependencies": {
        "passprint": "^0.0.1",
        "wetbulb": "^0.0.2"
      }
    },
    "node_modules/passprint": {
      "version": "0.0.1",
      "resolved": "https://registry.npmjs.org/passprint/-/passprint-0.0.1.tgz",
      "integrity": "sha512-+scrdoqoamGYMfXXGMxf410CgeEUI3EOaDe/QtVwZrd1FeaUz3XH8vs9UH6vZX/W/TGH/6/K/wTJqN+QsF1gcQ=="
    },
    "node_modules/wetbulb": {
      "version": "0.0.2",
      "resolved": "https://registry.npmjs.org/wetbulb/-/wetbulb-0.0.2.tgz",
      "integrity": "sha512-185K3DS8YDl4h3PC4lwlFu1j9/K671Jbn9ap7AWa259RRCp+lzSlWp3ZObKCScJy3LdFA7mejUwK8So7JA9gBQ=="
    }
  }
}
